
Microsoft Visual Studio Solution File, Format Version 12.00
# Visual Studio Version 17
VisualStudioVersion = 17.7.34003.232
MinimumVisualStudioVersion = 10.0.40219.1
Project("{FAE04EC0-301F-11D3-BF4B-00C04F79EFBC}") = "BankTransaction", "BankTransaction.csproj", "{F0C8368D-1208-40BB-86FD-C1C57F1DF776}"
EndProject
Global
	GlobalSection(SolutionConfigurationPlatforms) = preSolution
		Debug|Any CPU = Debug|Any CPU
		Release|Any CPU = Release|Any CPU
	EndGlobalSection
	GlobalSection(ProjectConfigurationPlatforms) = postSolution
		{F0C8368D-1208-40BB-86FD-C1C57F1DF776}.Debug|Any CPU.ActiveCfg = Debug|Any CPU
		{F0C8368D-1208-40BB-86FD-C1C57F1DF776}.Debug|Any CPU.Build.0 = Debug|Any CPU
		{F0C8368D-1208-40BB-86FD-C1C57F1DF776}.Release|Any CPU.ActiveCfg = Release|Any CPU
		{F0C8368D-1208-40BB-86FD-C1C57F1DF776}.Release|Any CPU.Build.0 = Release|Any CPU
	EndGlobalSection
	GlobalSection(SolutionProperties) = preSolution
		HideSolutionNode = FALSE
	EndGlobalSection
	GlobalSection(ExtensibilityGlobals) = postSolution
		SolutionGuid = {647E8385-A403-49D1-B4CB-B3108CA0D02E}
	EndGlobalSection
EndGlobal
